
Microsoft Visual Studio Solution File, Format Version 12.00
# Visual Studio 15
VisualStudioVersion = 15.0.28307.1169
MinimumVisualStudioVersion = 10.0.40219.1
Project("{FAE04EC0-301F-11D3-BF4B-00C04F79EFBC}") = "MariusSimke_TGWassignment", "MariusSimke_TGWassignment\MariusSimke_TGWassignment.csproj", "{F63A8D36-2D19-46A6-8010-4B78E00BD5F6}"
EndProject
Global
	GlobalSection(SolutionConfigurationPlatforms) = preSolution
		Debug|Any CPU = Debug|Any CPU
		Release|Any CPU = Release|Any CPU
	EndGlobalSection
	GlobalSection(ProjectConfigurationPlatforms) = postSolution
		{F63A8D36-2D19-46A6-8010-4B78E00BD5F6}.Debug|Any CPU.ActiveCfg = Debug|Any CPU
		{F63A8D36-2D19-46A6-8010-4B78E00BD5F6}.Debug|Any CPU.Build.0 = Debug|Any CPU
		{F63A8D36-2D19-46A6-8010-4B78E00BD5F6}.Release|Any CPU.ActiveCfg = Release|Any CPU
		{F63A8D36-2D19-46A6-8010-4B78E00BD5F6}.Release|Any CPU.Build.0 = Release|Any CPU
	EndGlobalSection
	GlobalSection(SolutionProperties) = preSolution
		HideSolutionNode = FALSE
	EndGlobalSection
	GlobalSection(ExtensibilityGlobals) = postSolution
		SolutionGuid = {08915F22-D362-4178-97CE-A28B76B70560}
	EndGlobalSection
EndGlobal
